
Microsoft Visual Studio Solution File, Format Version 12.00
# Visual Studio Version 17
VisualStudioVersion = 17.13.35818.85 d17.13
MinimumVisualStudioVersion = 10.0.40219.1
Project("{FAE04EC0-301F-11D3-BF4B-00C04F79EFBC}") = "ABXClient", "ABXClient\ABXClient.csproj", "{9594B3BD-C215-48CF-8903-947A52A63B19}"
EndProject
Global
	GlobalSection(SolutionConfigurationPlatforms) = preSolution
		Debug|Any CPU = Debug|Any CPU
		Release|Any CPU = Release|Any CPU
	EndGlobalSection
	GlobalSection(ProjectConfigurationPlatforms) = postSolution
		{9594B3BD-C215-48CF-8903-947A52A63B19}.Debug|Any CPU.ActiveCfg = Debug|Any CPU
		{9594B3BD-C215-48CF-8903-947A52A63B19}.Debug|Any CPU.Build.0 = Debug|Any CPU
		{9594B3BD-C215-48CF-8903-947A52A63B19}.Release|Any CPU.ActiveCfg = Release|Any CPU
		{9594B3BD-C215-48CF-8903-947A52A63B19}.Release|Any CPU.Build.0 = Release|Any CPU
	EndGlobalSection
	GlobalSection(SolutionProperties) = preSolution
		HideSolutionNode = FALSE
	EndGlobalSection
	GlobalSection(ExtensibilityGlobals) = postSolution
		SolutionGuid = {B78FCD71-C361-49F6-B78A-AE27EAFF5F4F}
	EndGlobalSection
EndGlobal
